schema: '2.0'
stages:
  data_split:
    cmd: python src/stages/data_split.py --config=params.yaml
    deps:
    - path: data/raw
      hash: md5
      md5: 32c503e50c7ff6e592bf1c45b778f9fe.dir
      size: 466888
      nfiles: 2
    - path: src/stages/data_split.py
      hash: md5
      md5: 24a494ebef86c7ff9b7dbde33c86af60
      size: 1450
    params:
      params.yaml:
        base:
          project: bank_customer_churn
          raw_data_dir: data/raw
          countries:
          - France
          - Spain
          feat_cols:
          - CreditScore
          - Age
          - Tenure
          - Balance
          - NumOfProducts
          - HasCrCard
          - IsActiveMember
          - EstimatedSalary
          targ_col: Exited
          random_state: 42
        data_split:
          test_size: 0.27
          processed_data_dir: data/processed
    outs:
    - path: data/processed
      hash: md5
      md5: 87842107333ddcbe74af0620057c8219.dir
      size: 722283
      nfiles: 4
  eval:
    cmd: python src/stages/eval.py --config=params.yaml
    deps:
    - path: data/processed
      hash: md5
      md5: 87842107333ddcbe74af0620057c8219.dir
      size: 722283
      nfiles: 4
    - path: models/clf-model.joblib
      hash: md5
      md5: 6911685c220c94cda311a556e58bba1a
      size: 11499800
    - path: src/stages/eval.py
      hash: md5
      md5: 238efc20bd97c4d0d2895fc2545f6ff5
      size: 1904
    params:
      params.yaml:
        base:
          project: bank_customer_churn
          raw_data_dir: data/raw
          countries:
          - France
          - Spain
          feat_cols:
          - CreditScore
          - Age
          - Tenure
          - Balance
          - NumOfProducts
          - HasCrCard
          - IsActiveMember
          - EstimatedSalary
          targ_col: Exited
          random_state: 42
        data_split:
          test_size: 0.27
          processed_data_dir: data/processed
        train:
          model_type: randomforest
          model_dir: models
          model_path: models/clf-model.joblib
          params:
            n_estimators: 100
            max_depth: 20
    outs:
    - path: metrics.json
      hash: md5
      md5: 06054a484f74fda3d297b321c8bdd4e5
      size: 66
    - path: reports/figures/cm.png
      hash: md5
      md5: ae76cc7d9348252b31fdfbdf9f921fb3
      size: 10363
  train:
    cmd: python src/stages/train.py --config=params.yaml
    deps:
    - path: data/processed
      hash: md5
      md5: 87842107333ddcbe74af0620057c8219.dir
      size: 722283
      nfiles: 4
    - path: src/stages/train.py
      hash: md5
      md5: 92cd56967af0b42a570cdab8a4b0c39c
      size: 2229
    params:
      params.yaml:
        base:
          project: bank_customer_churn
          raw_data_dir: data/raw
          countries:
          - France
          - Spain
          feat_cols:
          - CreditScore
          - Age
          - Tenure
          - Balance
          - NumOfProducts
          - HasCrCard
          - IsActiveMember
          - EstimatedSalary
          targ_col: Exited
          random_state: 42
        train:
          model_type: randomforest
          model_dir: models
          model_path: models/clf-model.joblib
          params:
            n_estimators: 100
            max_depth: 20
    outs:
    - path: models/clf-model.joblib
      hash: md5
      md5: 1d9d21086ac956bb8209545d4e512647
      size: 11277720
